github.com/bitly/go-simplejson v0.5.1 h1:xgwPbetQScXt1gh9BmoJ6j9JMr3TElvuIyjR8pgdoow=
github.com/bitly/go-simplejson v0.5.1/go.mod h1:YOPVLzCfwK14b4Sff3oP1AmGhI9T9Vsg84etUnlyp+Q=
github.com/gzjjyz/random v0.0.0-20230919024823-86290655ad68 h1:/PC6KGuOkFn7Zihr6x0czBPty1XC4R+Puz4EWRKtQpw=
github.com/gzjjyz/random v0.0.0-20230919024823-86290655ad68/go.mod h1:2pmk/OfFkI85zxZ/B54/lA39Hwbb9KQOErTmTwJjaK0=
